// !$*UTF8*$!
{
	archiveVersion = 1;
	classes = {
	};
	objectVersion = 56;
	objects = {

/* Begin PBXBuildFile section */
		A1000001 /* AppDelegate.swift in Sources */ = {isa = PBXBuildFile; fileRef = A2000001 /* AppDelegate.swift */; };
		A1000002 /* GameViewController.swift in Sources */ = {isa = PBXBuildFile; fileRef = A2000002 /* GameViewController.swift */; };
		A1000003 /* GameScene.swift in Sources */ = {isa = PBXBuildFile; fileRef = A2000003 /* GameScene.swift */; };
		A1000004 /* PlayerNode.swift in Sources */ = {isa = PBXBuildFile; fileRef = A2000004 /* PlayerNode.swift */; };
		A1000005 /* Assets.xcassets in Resources */ = {isa = PBXBuildFile; fileRef = A2000005 /* Assets.xcassets */; };
		A1000006 /* SpriteKit.framework in Frameworks */ = {isa = PBXBuildFile; fileRef = A3000001 /* SpriteKit.framework */; };
		A1000007 /* GameplayKit.framework in Frameworks */ = {isa = PBXBuildFile; fileRef = A3000002 /* GameplayKit.framework */; };
		A1000008 /* Segment.swift in Sources */ = {isa = PBXBuildFile; fileRef = A2000007 /* Segment.swift */; };
		A1000009 /* SegmentDurationConfig.swift in Sources */ = {isa = PBXBuildFile; fileRef = A2000008 /* SegmentDurationConfig.swift */; };
		A1000010 /* SegmentGenerator.swift in Sources */ = {isa = PBXBuildFile; fileRef = A2000009 /* SegmentGenerator.swift */; };
		A1000011 /* ObstacleConfig.swift in Sources */ = {isa = PBXBuildFile; fileRef = A2000010 /* ObstacleConfig.swift */; };
		A1000012 /* EngineVariantConfig.swift in Sources */ = {isa = PBXBuildFile; fileRef = A2000011 /* EngineVariantConfig.swift */; };
		A1000013 /* ObstacleGenerator.swift in Sources */ = {isa = PBXBuildFile; fileRef = A2000012 /* ObstacleGenerator.swift */; };
		A1000014 /* PathGuarantee.swift in Sources */ = {isa = PBXBuildFile; fileRef = A2000013 /* PathGuarantee.swift */; };
		A1000015 /* PowerUpSpawner.swift in Sources */ = {isa = PBXBuildFile; fileRef = A2000014 /* PowerUpSpawner.swift */; };
		A1000016 /* CollisionSystem.swift in Sources */ = {isa = PBXBuildFile; fileRef = A2000015 /* CollisionSystem.swift */; };
		A1000017 /* GameSceneDelegate.swift in Sources */ = {isa = PBXBuildFile; fileRef = A2000016 /* GameSceneDelegate.swift */; };
		A1000018 /* DifficultyScaler.swift in Sources */ = {isa = PBXBuildFile; fileRef = A2000017 /* DifficultyScaler.swift */; };
		A1000019 /* ScoreKeeper.swift in Sources */ = {isa = PBXBuildFile; fileRef = A2000018 /* ScoreKeeper.swift */; };
		A1000020 /* AssetConfig.swift in Sources */ = {isa = PBXBuildFile; fileRef = A2000019 /* AssetConfig.swift */; };
		A1000021 /* DesignConstants.swift in Sources */ = {isa = PBXBuildFile; fileRef = A2000020 /* DesignConstants.swift */; };
		T1000001 /* PathGuaranteeTests.swift in Sources */ = {isa = PBXBuildFile; fileRef = T2000001 /* PathGuaranteeTests.swift */; };
		T1000002 /* ObstaclePlacementTests.swift in Sources */ = {isa = PBXBuildFile; fileRef = T2000002 /* ObstaclePlacementTests.swift */; };
		T1000003 /* PowerUpSpawnerTests.swift in Sources */ = {isa = PBXBuildFile; fileRef = T2000003 /* PowerUpSpawnerTests.swift */; };
		T1000004 /* C7MechanicsCollisionTests.swift in Sources */ = {isa = PBXBuildFile; fileRef = T2000004 /* C7MechanicsCollisionTests.swift */; };
		T1000005 /* DifficultyScalerTests.swift in Sources */ = {isa = PBXBuildFile; fileRef = T2000005 /* DifficultyScalerTests.swift */; };
		T1000006 /* ScoreKeeperTests.swift in Sources */ = {isa = PBXBuildFile; fileRef = T2000006 /* ScoreKeeperTests.swift */; };
		T1000009 /* B2AssetLoaderTests.swift in Sources */ = {isa = PBXBuildFile; fileRef = T2000007 /* B2AssetLoaderTests.swift */; };
		T1000010 /* GameSceneSafeAreaTests.swift in Sources */ = {isa = PBXBuildFile; fileRef = T2000008 /* GameSceneSafeAreaTests.swift */; };
		T1000011 /* RevivePlayAgainTests.swift in Sources */ = {isa = PBXBuildFile; fileRef = T2000009 /* RevivePlayAgainTests.swift */; };
		T1000012 /* SegmentGeneratorTests.swift in Sources */ = {isa = PBXBuildFile; fileRef = T2000010 /* SegmentGeneratorTests.swift */; };
		T1000013 /* DifficultySpawnRampGameSceneTests.swift in Sources */ = {isa = PBXBuildFile; fileRef = T2000011 /* DifficultySpawnRampGameSceneTests.swift */; };
		T1000014 /* GameSceneTestHelper.swift in Sources */ = {isa = PBXBuildFile; fileRef = T2000012 /* GameSceneTestHelper.swift */; };
		T1000015 /* LaneBoundaryTapTests.swift in Sources */ = {isa = PBXBuildFile; fileRef = T2000013 /* LaneBoundaryTapTests.swift */; };
		T1000007 /* SpriteKit.framework in Frameworks */ = {isa = PBXBuildFile; fileRef = A3000001 /* SpriteKit.framework */; };
		T1000008 /* GameplayKit.framework in Frameworks */ = {isa = PBXBuildFile; fileRef = A3000002 /* GameplayKit.framework */; };
		U1000001 /* JourneyTests.swift in Sources */ = {isa = PBXBuildFile; fileRef = U2000001 /* JourneyTests.swift */; };
/* End PBXBuildFile section */

/* Begin PBXFileReference section */
		A0000001 /* CatRunner.app */ = {isa = PBXFileReference; explicitFileType = wrapper.application; includeInIndex = 0; path = CatRunner.app; sourceTree = BUILT_PRODUCTS_DIR; };
		A2000001 /* AppDelegate.swift */ = {isa = PBXFileReference; lastKnownFileType = sourcecode.swift; path = AppDelegate.swift; sourceTree = "<group>"; };
		A2000002 /* GameViewController.swift */ = {isa = PBXFileReference; lastKnownFileType = sourcecode.swift; path = GameViewController.swift; sourceTree = "<group>"; };
		A2000003 /* GameScene.swift */ = {isa = PBXFileReference; lastKnownFileType = sourcecode.swift; path = GameScene.swift; sourceTree = "<group>"; };
		A2000004 /* PlayerNode.swift */ = {isa = PBXFileReference; lastKnownFileType = sourcecode.swift; path = PlayerNode.swift; sourceTree = "<group>"; };
		A2000005 /* Assets.xcassets */ = {isa = PBXFileReference; lastKnownFileType = folder.assetcatalog; path = Assets.xcassets; sourceTree = "<group>"; };
		A3000001 /* SpriteKit.framework */ = {isa = PBXFileReference; lastKnownFileType = wrapper.framework; name = SpriteKit.framework; path = System/Library/Frameworks/SpriteKit.framework; sourceTree = SDKROOT; };
		A3000002 /* GameplayKit.framework */ = {isa = PBXFileReference; lastKnownFileType = wrapper.framework; name = GameplayKit.framework; path = System/Library/Frameworks/GameplayKit.framework; sourceTree = SDKROOT; };
		A2000006 /* Info.plist */ = {isa = PBXFileReference; lastKnownFileType = text.plist.xml; path = Info.plist; sourceTree = "<group>"; };
		A2000007 /* Segment.swift */ = {isa = PBXFileReference; lastKnownFileType = sourcecode.swift; path = Segment.swift; sourceTree = "<group>"; };
		A2000008 /* SegmentDurationConfig.swift */ = {isa = PBXFileReference; lastKnownFileType = sourcecode.swift; path = SegmentDurationConfig.swift; sourceTree = "<group>"; };
		A2000009 /* SegmentGenerator.swift */ = {isa = PBXFileReference; lastKnownFileType = sourcecode.swift; path = SegmentGenerator.swift; sourceTree = "<group>"; };
		A2000010 /* ObstacleConfig.swift */ = {isa = PBXFileReference; lastKnownFileType = sourcecode.swift; path = ObstacleConfig.swift; sourceTree = "<group>"; };
		A2000011 /* EngineVariantConfig.swift */ = {isa = PBXFileReference; lastKnownFileType = sourcecode.swift; path = EngineVariantConfig.swift; sourceTree = "<group>"; };
		A2000012 /* ObstacleGenerator.swift */ = {isa = PBXFileReference; lastKnownFileType = sourcecode.swift; path = ObstacleGenerator.swift; sourceTree = "<group>"; };
		A2000013 /* PathGuarantee.swift */ = {isa = PBXFileReference; lastKnownFileType = sourcecode.swift; path = PathGuarantee.swift; sourceTree = "<group>"; };
		A2000014 /* PowerUpSpawner.swift */ = {isa = PBXFileReference; lastKnownFileType = sourcecode.swift; path = PowerUpSpawner.swift; sourceTree = "<group>"; };
		A2000015 /* CollisionSystem.swift */ = {isa = PBXFileReference; lastKnownFileType = sourcecode.swift; path = CollisionSystem.swift; sourceTree = "<group>"; };
		A2000016 /* GameSceneDelegate.swift */ = {isa = PBXFileReference; lastKnownFileType = sourcecode.swift; path = GameSceneDelegate.swift; sourceTree = "<group>"; };
		A2000017 /* DifficultyScaler.swift */ = {isa = PBXFileReference; lastKnownFileType = sourcecode.swift; path = DifficultyScaler.swift; sourceTree = "<group>"; };
		A2000018 /* ScoreKeeper.swift */ = {isa = PBXFileReference; lastKnownFileType = sourcecode.swift; path = ScoreKeeper.swift; sourceTree = "<group>"; };
		A2000019 /* AssetConfig.swift */ = {isa = PBXFileReference; lastKnownFileType = sourcecode.swift; path = AssetConfig.swift; sourceTree = "<group>"; };
		A2000020 /* DesignConstants.swift */ = {isa = PBXFileReference; lastKnownFileType = sourcecode.swift; path = DesignConstants.swift; sourceTree = "<group>"; };
		T0000001 /* CatRunnerTests.xctest */ = {isa = PBXFileReference; explicitFileType = wrapper.cfbundle; includeInIndex = 0; path = CatRunnerTests.xctest; sourceTree = BUILT_PRODUCTS_DIR; };
		T2000001 /* PathGuaranteeTests.swift */ = {isa = PBXFileReference; lastKnownFileType = sourcecode.swift; path = PathGuaranteeTests.swift; sourceTree = "<group>"; };
		T2000002 /* ObstaclePlacementTests.swift */ = {isa = PBXFileReference; lastKnownFileType = sourcecode.swift; path = ObstaclePlacementTests.swift; sourceTree = "<group>"; };
		T2000003 /* PowerUpSpawnerTests.swift */ = {isa = PBXFileReference; lastKnownFileType = sourcecode.swift; path = PowerUpSpawnerTests.swift; sourceTree = "<group>"; };
		T2000004 /* C7MechanicsCollisionTests.swift */ = {isa = PBXFileReference; lastKnownFileType = sourcecode.swift; path = C7MechanicsCollisionTests.swift; sourceTree = "<group>"; };
		T2000005 /* DifficultyScalerTests.swift */ = {isa = PBXFileReference; lastKnownFileType = sourcecode.swift; path = DifficultyScalerTests.swift; sourceTree = "<group>"; };
		T2000006 /* ScoreKeeperTests.swift */ = {isa = PBXFileReference; lastKnownFileType = sourcecode.swift; path = ScoreKeeperTests.swift; sourceTree = "<group>"; };
		T2000007 /* B2AssetLoaderTests.swift */ = {isa = PBXFileReference; lastKnownFileType = sourcecode.swift; path = B2AssetLoaderTests.swift; sourceTree = "<group>"; };
		T2000008 /* GameSceneSafeAreaTests.swift */ = {isa = PBXFileReference; lastKnownFileType = sourcecode.swift; path = GameSceneSafeAreaTests.swift; sourceTree = "<group>"; };
		T2000009 /* RevivePlayAgainTests.swift */ = {isa = PBXFileReference; lastKnownFileType = sourcecode.swift; path = RevivePlayAgainTests.swift; sourceTree = "<group>"; };
		T2000010 /* SegmentGeneratorTests.swift */ = {isa = PBXFileReference; lastKnownFileType = sourcecode.swift; path = SegmentGeneratorTests.swift; sourceTree = "<group>"; };
		T2000011 /* DifficultySpawnRampGameSceneTests.swift */ = {isa = PBXFileReference; lastKnownFileType = sourcecode.swift; path = DifficultySpawnRampGameSceneTests.swift; sourceTree = "<group>"; };
		T2000012 /* GameSceneTestHelper.swift */ = {isa = PBXFileReference; lastKnownFileType = sourcecode.swift; path = GameSceneTestHelper.swift; sourceTree = "<group>"; };
		T2000013 /* LaneBoundaryTapTests.swift */ = {isa = PBXFileReference; lastKnownFileType = sourcecode.swift; path = LaneBoundaryTapTests.swift; sourceTree = "<group>"; };
		U0000001 /* CatRunnerUITests.xctest */ = {isa = PBXFileReference; explicitFileType = wrapper.cfbundle; includeInIndex = 0; path = CatRunnerUITests.xctest; sourceTree = BUILT_PRODUCTS_DIR; };
		U2000001 /* JourneyTests.swift */ = {isa = PBXFileReference; lastKnownFileType = sourcecode.swift; path = JourneyTests.swift; sourceTree = "<group>"; };
/* End PBXFileReference section */

/* Begin PBXFrameworksBuildPhase section */
		B1000001 /* Frameworks */ = {
			isa = PBXFrameworksBuildPhase;
			buildActionMask = 2147483647;
			files = (
				A1000006 /* SpriteKit.framework in Frameworks */,
				A1000007 /* GameplayKit.framework in Frameworks */,
			);
			runOnlyForDeploymentPostprocessing = 0;
		};
		T4000003 /* Frameworks */ = {
			isa = PBXFrameworksBuildPhase;
			buildActionMask = 2147483647;
			files = (
				T1000007 /* SpriteKit.framework in Frameworks */,
				T1000008 /* GameplayKit.framework in Frameworks */,
			);
			runOnlyForDeploymentPostprocessing = 0;
		};
/* End PBXFrameworksBuildPhase section */

/* Begin PBXGroup section */
		B2000001 = {
			isa = PBXGroup;
			children = (
				B2000002 /* CatRunner */,
				T3000001 /* CatRunnerTests */,
				U3000001 /* CatRunnerUITests */,
				B2000003 /* Products */,
			);
			sourceTree = "<group>";
		};
		B2000002 /* CatRunner */ = {
			isa = PBXGroup;
			children = (
				A2000001 /* AppDelegate.swift */,
				A2000002 /* GameViewController.swift */,
				A2000020 /* DesignConstants.swift */,
				B2000004 /* Game */,
				B2000005 /* Engine */,
				A2000005 /* Assets.xcassets */,
				A2000006 /* Info.plist */,
			);
			path = CatRunner;
			sourceTree = "<group>";
		};
		B2000003 /* Products */ = {
			isa = PBXGroup;
			children = (
				A0000001 /* CatRunner.app */,
				T0000001 /* CatRunnerTests.xctest */,
				U0000001 /* CatRunnerUITests.xctest */,
			);
			name = Products;
			sourceTree = "<group>";
		};
		U3000001 /* CatRunnerUITests */ = {
			isa = PBXGroup;
			children = (
				U2000001 /* JourneyTests.swift */,
			);
			path = CatRunnerUITests;
			sourceTree = "<group>";
		};
		T3000001 /* CatRunnerTests */ = {
			isa = PBXGroup;
			children = (
				T2000007 /* B2AssetLoaderTests.swift */,
				T2000008 /* GameSceneSafeAreaTests.swift */,
				T2000012 /* GameSceneTestHelper.swift */,
				T2000009 /* RevivePlayAgainTests.swift */,
				T2000010 /* SegmentGeneratorTests.swift */,
				T2000011 /* DifficultySpawnRampGameSceneTests.swift */,
				T2000001 /* PathGuaranteeTests.swift */,
				T2000002 /* ObstaclePlacementTests.swift */,
				T2000003 /* PowerUpSpawnerTests.swift */,
				T2000004 /* C7MechanicsCollisionTests.swift */,
				T2000005 /* DifficultyScalerTests.swift */,
				T2000006 /* ScoreKeeperTests.swift */,
				T2000013 /* LaneBoundaryTapTests.swift */,
			);
			path = CatRunnerTests;
			sourceTree = "<group>";
		};
		B2000004 /* Game */ = {
			isa = PBXGroup;
			children = (
				A2000003 /* GameScene.swift */,
				A2000004 /* PlayerNode.swift */,
				A2000016 /* GameSceneDelegate.swift */,
				A2000018 /* ScoreKeeper.swift */,
			);
			path = Game;
			sourceTree = "<group>";
		};
		B2000005 /* Engine */ = {
			isa = PBXGroup;
			children = (
				A2000019 /* AssetConfig.swift */,
				A2000015 /* CollisionSystem.swift */,
				A2000007 /* Segment.swift */,
				A2000008 /* SegmentDurationConfig.swift */,
				A2000009 /* SegmentGenerator.swift */,
				A2000010 /* ObstacleConfig.swift */,
				A2000011 /* EngineVariantConfig.swift */,
				A2000012 /* ObstacleGenerator.swift */,
				A2000013 /* PathGuarantee.swift */,
				A2000014 /* PowerUpSpawner.swift */,
				A2000017 /* DifficultyScaler.swift */,
			);
			path = Engine;
			sourceTree = "<group>";
		};
/* End PBXGroup section */

/* Begin PBXNativeTarget section */
		C1000001 /* CatRunner */ = {
			isa = PBXNativeTarget;
			buildConfigurationList = C2000002 /* Build configuration list for PBXNativeTarget "CatRunner" */;
			buildPhases = (
				C1000002 /* Sources */,
				B1000001 /* Frameworks */,
				C1000003 /* Resources */,
				R1000001 /* Copy Config and Assets */,
			);
			buildRules = (
			);
			dependencies = (
			);
			name = CatRunner;
			productName = CatRunner;
			productReference = A0000001 /* CatRunner.app */;
			productType = "com.apple.product-type.application";
		};
		T4000001 /* CatRunnerTests */ = {
			isa = PBXNativeTarget;
			buildConfigurationList = T6000001 /* Build configuration list for PBXNativeTarget "CatRunnerTests" */;
			buildPhases = (
				T4000002 /* Sources */,
				T4000003 /* Frameworks */,
			);
			buildRules = (
			);
			dependencies = (
				T4000004 /* PBXTargetDependency */,
			);
			name = CatRunnerTests;
			productName = CatRunnerTests;
			productReference = T0000001 /* CatRunnerTests.xctest */;
			productType = "com.apple.product-type.bundle.unit-test";
		};
		U4000001 /* CatRunnerUITests */ = {
			isa = PBXNativeTarget;
			buildConfigurationList = U6000001 /* Build configuration list for PBXNativeTarget "CatRunnerUITests" */;
			buildPhases = (
				U4000002 /* Sources */,
			);
			buildRules = (
			);
			dependencies = (
				U4000003 /* PBXTargetDependency */,
			);
			name = CatRunnerUITests;
			productName = CatRunnerUITests;
			productReference = U0000001 /* CatRunnerUITests.xctest */;
			productType = "com.apple.product-type.bundle.ui-testing";
		};
/* End PBXNativeTarget section */

/* Begin PBXProject section */
		D1000001 /* Project object */ = {
			isa = PBXProject;
			attributes = {
				BuildIndependentTargetsInParallel = 1;
				LastSwiftUpdateCheck = 1500;
				LastUpgradeCheck = 1500;
				TargetAttributes = {
					C1000001 = {
						CreatedOnToolsVersion = 15.0;
					};
					T4000001 = {
						CreatedOnToolsVersion = 15.0;
					};
				};
			};
			buildConfigurationList = C2000001 /* Build configuration list for PBXProject "CatRunner" */;
			compatibilityVersion = "Xcode 14.0";
			developmentRegion = en;
			hasScannedForEncodings = 0;
			knownRegions = (
				en,
				Base,
			);
			mainGroup = B2000001;
			productRefGroup = B2000003 /* Products */;
			projectDirPath = "";
			projectRoot = "";
			targets = (
				C1000001 /* CatRunner */,
				T4000001 /* CatRunnerTests */,
				U4000001 /* CatRunnerUITests */,
			);
		};
/* End PBXProject section */

/* Begin PBXResourcesBuildPhase section */
		C1000003 /* Resources */ = {
			isa = PBXResourcesBuildPhase;
			buildActionMask = 2147483647;
			files = (
				A1000005 /* Assets.xcassets in Resources */,
			);
			runOnlyForDeploymentPostprocessing = 0;
		};
/* End PBXResourcesBuildPhase section */

/* Begin PBXShellScriptBuildPhase section */
		R1000001 /* Copy Config and Assets */ = {
			isa = PBXShellScriptBuildPhase;
			buildActionMask = 2147483647;
			files = (
			);
			inputPaths = (
			);
			name = "Copy Config and Assets";
			outputPaths = (
			);
			runOnlyForDeploymentPostprocessing = 0;
			shellPath = /bin/sh;
			shellScript = "DST=\"${BUILT_PRODUCTS_DIR}/${WRAPPER_NAME}\"\nmkdir -p \"${DST}/config/default\"\ncp \"${SRCROOT}/../config/default/\"*.json \"${DST}/config/default/\"\ncp -R \"${SRCROOT}/../assets\" \"${DST}/\"\n";
		};
/* End PBXShellScriptBuildPhase section */

/* Begin PBXTargetDependency section */
		T4000004 /* PBXTargetDependency */ = {
			isa = PBXTargetDependency;
			target = C1000001 /* CatRunner */;
			targetProxy = T5000001 /* PBXContainerItemProxy */;
		};
		U4000003 /* PBXTargetDependency */ = {
			isa = PBXTargetDependency;
			target = C1000001 /* CatRunner */;
			targetProxy = U5000001 /* PBXContainerItemProxy */;
		};
/* End PBXTargetDependency section */

/* Begin PBXContainerItemProxy section */
		T5000001 /* PBXContainerItemProxy */ = {
			isa = PBXContainerItemProxy;
			containerPortal = D1000001 /* Project object */;
			proxyType = 1;
			remoteGlobalIDString = C1000001;
			remoteInfo = CatRunner;
		};
		U5000001 /* PBXContainerItemProxy */ = {
			isa = PBXContainerItemProxy;
			containerPortal = D1000001 /* Project object */;
			proxyType = 1;
			remoteGlobalIDString = C1000001;
			remoteInfo = CatRunner;
		};
/* End PBXContainerItemProxy section */

/* Begin PBXSourcesBuildPhase section */
		C1000002 /* Sources */ = {
			isa = PBXSourcesBuildPhase;
			buildActionMask = 2147483647;
			files = (
				A1000001 /* AppDelegate.swift in Sources */,
				A1000002 /* GameViewController.swift in Sources */,
				A1000021 /* DesignConstants.swift in Sources */,
				A1000003 /* GameScene.swift in Sources */,
				A1000004 /* PlayerNode.swift in Sources */,
				A1000008 /* Segment.swift in Sources */,
				A1000009 /* SegmentDurationConfig.swift in Sources */,
				A1000010 /* SegmentGenerator.swift in Sources */,
				A1000011 /* ObstacleConfig.swift in Sources */,
				A1000012 /* ObstacleGenerator.swift in Sources */,
				A1000013 /* PathGuarantee.swift in Sources */,
				A1000014 /* PowerUpSpawner.swift in Sources */,
				A1000015 /* CollisionSystem.swift in Sources */,
				A1000016 /* GameSceneDelegate.swift in Sources */,
				A1000017 /* DifficultyScaler.swift in Sources */,
				A1000018 /* ScoreKeeper.swift in Sources */,
				A1000019 /* ScoreKeeper.swift in Sources */,
				A1000020 /* AssetConfig.swift in Sources */,
			);
			runOnlyForDeploymentPostprocessing = 0;
		};
		T4000002 /* Sources */ = {
			isa = PBXSourcesBuildPhase;
			buildActionMask = 2147483647;
			files = (
				T1000001 /* PathGuaranteeTests.swift in Sources */,
				T1000002 /* ObstaclePlacementTests.swift in Sources */,
				T1000003 /* PowerUpSpawnerTests.swift in Sources */,
				T1000004 /* C7MechanicsCollisionTests.swift in Sources */,
				T1000005 /* DifficultyScalerTests.swift in Sources */,
				T1000006 /* ScoreKeeperTests.swift in Sources */,
				T1000009 /* B2AssetLoaderTests.swift in Sources */,
				T1000010 /* GameSceneSafeAreaTests.swift in Sources */,
				T1000011 /* RevivePlayAgainTests.swift in Sources */,
				T1000012 /* SegmentGeneratorTests.swift in Sources */,
				T1000013 /* DifficultySpawnRampGameSceneTests.swift in Sources */,
				T1000014 /* GameSceneTestHelper.swift in Sources */,
				T1000015 /* LaneBoundaryTapTests.swift in Sources */,
			);
			runOnlyForDeploymentPostprocessing = 0;
		};
		U4000002 /* Sources */ = {
			isa = PBXSourcesBuildPhase;
			buildActionMask = 2147483647;
			files = (
				U1000001 /* JourneyTests.swift in Sources */,
			);
			runOnlyForDeploymentPostprocessing = 0;
		};
/* End PBXSourcesBuildPhase section */

/* Begin XCBuildConfiguration section */
		E1000001 /* Debug */ = {
			isa = XCBuildConfiguration;
			buildSettings = {
				ALWAYS_SEARCH_USER_PATHS = NO;
				ASSETCATALOG_COMPILER_GENERATE_SWIFT_ASSET_SYMBOL_EXTENSIONS = YES;
				CLANG_ANALYZER_NONNULL = YES;
				CLANG_ENABLE_MODULES = YES;
				CLANG_ENABLE_OBJC_ARC = YES;
				COPY_PHASE_STRIP = NO;
				DEBUG_INFORMATION_FORMAT = dwarf;
				ENABLE_STRICT_OBJC_MSGSEND = YES;
				ENABLE_TESTABILITY = YES;
				GCC_DYNAMIC_NO_PIC = NO;
				GCC_OPTIMIZATION_LEVEL = 0;
				GCC_PREPROCESSOR_DEFINITIONS = (
					"DEBUG=1",
					"$(inherited)",
				);
				IPHONEOS_DEPLOYMENT_TARGET = 15.0;
				MTL_ENABLE_DEBUG_INFO = INCLUDE_SOURCE;
				MTL_FAST_MATH = YES;
				ONLY_ACTIVE_ARCH = YES;
				SDKROOT = iphoneos;
				SWIFT_ACTIVE_COMPILATION_CONDITIONS = "DEBUG $(inherited)";
				SWIFT_OPTIMIZATION_LEVEL = "-Onone";
			};
			name = Debug;
		};
		E1000002 /* Release */ = {
			isa = XCBuildConfiguration;
			buildSettings = {
				ALWAYS_SEARCH_USER_PATHS = NO;
				ASSETCATALOG_COMPILER_GENERATE_SWIFT_ASSET_SYMBOL_EXTENSIONS = YES;
				CLANG_ANALYZER_NONNULL = YES;
				CLANG_ENABLE_MODULES = YES;
				CLANG_ENABLE_OBJC_ARC = YES;
				COPY_PHASE_STRIP = NO;
				DEBUG_INFORMATION_FORMAT = "dwarf-with-dsym";
				ENABLE_NS_ASSERTIONS = NO;
				ENABLE_STRICT_OBJC_MSGSEND = YES;
				GCC_OPTIMIZATION_LEVEL = s;
				IPHONEOS_DEPLOYMENT_TARGET = 15.0;
				MTL_ENABLE_DEBUG_INFO = NO;
				MTL_FAST_MATH = YES;
				SDKROOT = iphoneos;
				SWIFT_COMPILATION_MODE = wholemodule;
				VALIDATE_PRODUCT = YES;
			};
			name = Release;
		};
		E1000003 /* Debug */ = {
			isa = XCBuildConfiguration;
			buildSettings = {
				ASSETCATALOG_COMPILER_APPICON_NAME = AppIcon;
				ASSETCATALOG_COMPILER_GLOBAL_ACCENT_COLOR_NAME = AccentColor;
				CODE_SIGN_STYLE = Automatic;
				CURRENT_PROJECT_VERSION = 1;
				DEVELOPMENT_TEAM = "";
				ENABLE_PREVIEWS = YES;
				GENERATE_INFOPLIST_FILE = NO;
				INFOPLIST_FILE = CatRunner/Info.plist;
				INFOPLIST_KEY_UIApplicationSupportsIndirectInputEvents = YES;
				LD_RUNPATH_SEARCH_PATHS = (
					"$(inherited)",
					"@executable_path/Frameworks",
				);
				MARKETING_VERSION = 1.0;
				PRODUCT_BUNDLE_IDENTIFIER = com.catrunner.game;
				PRODUCT_NAME = "$(TARGET_NAME)";
				SWIFT_EMIT_LOC_STRINGS = YES;
				SWIFT_VERSION = 5.0;
				TARGETED_DEVICE_FAMILY = "1,2";
			};
			name = Debug;
		};
		E1000004 /* Release */ = {
			isa = XCBuildConfiguration;
			buildSettings = {
				ASSETCATALOG_COMPILER_APPICON_NAME = AppIcon;
				ASSETCATALOG_COMPILER_GLOBAL_ACCENT_COLOR_NAME = AccentColor;
				CODE_SIGN_STYLE = Automatic;
				CURRENT_PROJECT_VERSION = 1;
				DEVELOPMENT_TEAM = "";
				ENABLE_PREVIEWS = YES;
				GENERATE_INFOPLIST_FILE = NO;
				INFOPLIST_FILE = CatRunner/Info.plist;
				INFOPLIST_KEY_UIApplicationSupportsIndirectInputEvents = YES;
				LD_RUNPATH_SEARCH_PATHS = (
					"$(inherited)",
					"@executable_path/Frameworks",
				);
				MARKETING_VERSION = 1.0;
				PRODUCT_BUNDLE_IDENTIFIER = com.catrunner.game;
				PRODUCT_NAME = "$(TARGET_NAME)";
				SWIFT_EMIT_LOC_STRINGS = YES;
				SWIFT_VERSION = 5.0;
				TARGETED_DEVICE_FAMILY = "1,2";
			};
			name = Release;
		};
		E1000005 /* Debug */ = {
			isa = XCBuildConfiguration;
			buildSettings = {
				BUNDLE_LOADER = "$(TEST_HOST)";
				CODE_SIGN_STYLE = Automatic;
				CURRENT_PROJECT_VERSION = 1;
				DEVELOPMENT_TEAM = "";
				GENERATE_INFOPLIST_FILE = YES;
				IPHONEOS_DEPLOYMENT_TARGET = 15.0;
				LD_RUNPATH_SEARCH_PATHS = (
					"$(inherited)",
					"@executable_path/Frameworks",
					"@loader_path/Frameworks",
				);
				MARKETING_VERSION = 1.0;
				PRODUCT_BUNDLE_IDENTIFIER = com.catrunner.game.CatRunnerTests;
				PRODUCT_NAME = "$(TARGET_NAME)";
				SWIFT_EMIT_LOC_STRINGS = YES;
				SWIFT_VERSION = 5.0;
				TARGETED_DEVICE_FAMILY = "1,2";
				TEST_HOST = "$(BUILT_PRODUCTS_DIR)/CatRunner.app/CatRunner";
			};
			name = Debug;
		};
		E1000006 /* Release */ = {
			isa = XCBuildConfiguration;
			buildSettings = {
				BUNDLE_LOADER = "$(TEST_HOST)";
				CODE_SIGN_STYLE = Automatic;
				CURRENT_PROJECT_VERSION = 1;
				DEVELOPMENT_TEAM = "";
				GENERATE_INFOPLIST_FILE = YES;
				IPHONEOS_DEPLOYMENT_TARGET = 15.0;
				LD_RUNPATH_SEARCH_PATHS = (
					"$(inherited)",
					"@executable_path/Frameworks",
					"@loader_path/Frameworks",
				);
				MARKETING_VERSION = 1.0;
				PRODUCT_BUNDLE_IDENTIFIER = com.catrunner.game.CatRunnerTests;
				PRODUCT_NAME = "$(TARGET_NAME)";
				SWIFT_EMIT_LOC_STRINGS = YES;
				SWIFT_VERSION = 5.0;
				TARGETED_DEVICE_FAMILY = "1,2";
				TEST_HOST = "$(BUILT_PRODUCTS_DIR)/CatRunner.app/CatRunner";
			};
			name = Release;
		};
		U7000001 /* Debug */ = {
			isa = XCBuildConfiguration;
			buildSettings = {
				CODE_SIGN_STYLE = Automatic;
				CURRENT_PROJECT_VERSION = 1;
				DEVELOPMENT_TEAM = "";
				GENERATE_INFOPLIST_FILE = YES;
				IPHONEOS_DEPLOYMENT_TARGET = 15.0;
				LD_RUNPATH_SEARCH_PATHS = (
					"$(inherited)",
					"@executable_path/Frameworks",
					"@loader_path/Frameworks",
				);
				MARKETING_VERSION = 1.0;
				PRODUCT_BUNDLE_IDENTIFIER = com.catrunner.game.CatRunnerUITests;
				PRODUCT_NAME = "$(TARGET_NAME)";
				SWIFT_EMIT_LOC_STRINGS = YES;
				SWIFT_VERSION = 5.0;
				TARGETED_DEVICE_FAMILY = "1,2";
				TEST_TARGET_NAME = CatRunner;
			};
			name = Debug;
		};
		U7000002 /* Release */ = {
			isa = XCBuildConfiguration;
			buildSettings = {
				CODE_SIGN_STYLE = Automatic;
				CURRENT_PROJECT_VERSION = 1;
				DEVELOPMENT_TEAM = "";
				GENERATE_INFOPLIST_FILE = YES;
				IPHONEOS_DEPLOYMENT_TARGET = 15.0;
				LD_RUNPATH_SEARCH_PATHS = (
					"$(inherited)",
					"@executable_path/Frameworks",
					"@loader_path/Frameworks",
				);
				MARKETING_VERSION = 1.0;
				PRODUCT_BUNDLE_IDENTIFIER = com.catrunner.game.CatRunnerUITests;
				PRODUCT_NAME = "$(TARGET_NAME)";
				SWIFT_EMIT_LOC_STRINGS = YES;
				SWIFT_VERSION = 5.0;
				TARGETED_DEVICE_FAMILY = "1,2";
				TEST_TARGET_NAME = CatRunner;
			};
			name = Release;
		};
/* End XCBuildConfiguration section */

/* Begin XCConfigurationList section */
		C2000001 /* Build configuration list for PBXProject "CatRunner" */ = {
			isa = XCConfigurationList;
			buildConfigurations = (
				E1000001 /* Debug */,
				E1000002 /* Release */,
			);
			defaultConfigurationIsVisible = 0;
			defaultConfigurationName = Release;
		};
		C2000002 /* Build configuration list for PBXNativeTarget "CatRunner" */ = {
			isa = XCConfigurationList;
			buildConfigurations = (
				E1000003 /* Debug */,
				E1000004 /* Release */,
			);
			defaultConfigurationIsVisible = 0;
			defaultConfigurationName = Release;
		};
		T6000001 /* Build configuration list for PBXNativeTarget "CatRunnerTests" */ = {
			isa = XCConfigurationList;
			buildConfigurations = (
				E1000005 /* Debug */,
				E1000006 /* Release */,
			);
			defaultConfigurationIsVisible = 0;
			defaultConfigurationName = Release;
		};
		U6000001 /* Build configuration list for PBXNativeTarget "CatRunnerUITests" */ = {
			isa = XCConfigurationList;
			buildConfigurations = (
				U7000001 /* Debug */,
				U7000002 /* Release */,
			);
			defaultConfigurationIsVisible = 0;
			defaultConfigurationName = Release;
		};
/* End XCConfigurationList section */
	};
	rootObject = D1000001 /* Project object */;
}
